
Microsoft Visual Studio Solution File, Format Version 12.00
# Visual Studio Version 17
VisualStudioVersion = 17.9.34728.123
MinimumVisualStudioVersion = 10.0.40219.1
Project("{FAE04EC0-301F-11D3-BF4B-00C04F79EFBC}") = "APIEFCodigo", "APIEFCodigo\APIEFCodigo.csproj", "{CF082635-EBAB-46FD-84A8-9209AE380DCE}"
EndProject
Global
	GlobalSection(SolutionConfigurationPlatforms) = preSolution
		Debug|Any CPU = Debug|Any CPU
		Release|Any CPU = Release|Any CPU
	EndGlobalSection
	GlobalSection(ProjectConfigurationPlatforms) = postSolution
		{CF082635-EBAB-46FD-84A8-9209AE380DCE}.Debug|Any CPU.ActiveCfg = Debug|Any CPU
		{CF082635-EBAB-46FD-84A8-9209AE380DCE}.Debug|Any CPU.Build.0 = Debug|Any CPU
		{CF082635-EBAB-46FD-84A8-9209AE380DCE}.Release|Any CPU.ActiveCfg = Release|Any CPU
		{CF082635-EBAB-46FD-84A8-9209AE380DCE}.Release|Any CPU.Build.0 = Release|Any CPU
	EndGlobalSection
	GlobalSection(SolutionProperties) = preSolution
		HideSolutionNode = FALSE
	EndGlobalSection
	GlobalSection(ExtensibilityGlobals) = postSolution
		SolutionGuid = {BC4B9E62-3D42-4864-BBA6-8B54C5CF23A9}
	EndGlobalSection
EndGlobal
